// !$*UTF8*$!
{
	archiveVersion = 1;
	classes = {
	};
	objectVersion = 51;
	objects = {

/* Begin PBXBuildFile section */
		506BDC93B9D49489C516FD4A /* Pods_SurprizeMeTest.framework in Frameworks */ = {isa = PBXBuildFile; fileRef = 592514B064DE1BE1592AE3F1 /* Pods_SurprizeMeTest.framework */; };
		8481B5A4248F975000EA8587 /* AppDelegate.swift in Sources */ = {isa = PBXBuildFile; fileRef = 8481B5A3248F975000EA8587 /* AppDelegate.swift */; };
		8481B5A6248F975000EA8587 /* SceneDelegate.swift in Sources */ = {isa = PBXBuildFile; fileRef = 8481B5A5248F975000EA8587 /* SceneDelegate.swift */; };
		8481B5AB248F975000EA8587 /* Main.storyboard in Resources */ = {isa = PBXBuildFile; fileRef = 8481B5A9248F975000EA8587 /* Main.storyboard */; };
		8481B5AD248F975200EA8587 /* Assets.xcassets in Resources */ = {isa = PBXBuildFile; fileRef = 8481B5AC248F975200EA8587 /* Assets.xcassets */; };
		8481B5B0248F975200EA8587 /* LaunchScreen.storyboard in Resources */ = {isa = PBXBuildFile; fileRef = 8481B5AE248F975200EA8587 /* LaunchScreen.storyboard */; };
		8481B5CB248FA95F00EA8587 /* MainViewController.swift in Sources */ = {isa = PBXBuildFile; fileRef = 8481B5CA248FA95F00EA8587 /* MainViewController.swift */; };
		8481B5CD248FB6C300EA8587 /* User.swift in Sources */ = {isa = PBXBuildFile; fileRef = 8481B5CC248FB6C300EA8587 /* User.swift */; };
		8481B5CF248FB7A100EA8587 /* ViewController.swift in Sources */ = {isa = PBXBuildFile; fileRef = 8481B5CE248FB7A100EA8587 /* ViewController.swift */; };
		8481B5D1248FB91200EA8587 /* TextField.swift in Sources */ = {isa = PBXBuildFile; fileRef = 8481B5D0248FB91200EA8587 /* TextField.swift */; };
		8481B5D3248FE07000EA8587 /* ConfirmCodeViewController.swift in Sources */ = {isa = PBXBuildFile; fileRef = 8481B5D2248FE07000EA8587 /* ConfirmCodeViewController.swift */; };
		8481B5D7248FECFF00EA8587 /* NetworkService.swift in Sources */ = {isa = PBXBuildFile; fileRef = 8481B5D6248FECFF00EA8587 /* NetworkService.swift */; };
		8481B5D92490F05D00EA8587 /* API.swift in Sources */ = {isa = PBXBuildFile; fileRef = 8481B5D82490F05D00EA8587 /* API.swift */; };
/* End PBXBuildFile section */

/* Begin PBXFileReference section */
		31DC67A046999800381FD43B /* Pods-SurprizeMeTest.release.xcconfig */ = {isa = PBXFileReference; includeInIndex = 1; lastKnownFileType = text.xcconfig; name = "Pods-SurprizeMeTest.release.xcconfig"; path = "Target Support Files/Pods-SurprizeMeTest/Pods-SurprizeMeTest.release.xcconfig"; sourceTree = "<group>"; };
		592514B064DE1BE1592AE3F1 /* Pods_SurprizeMeTest.framework */ = {isa = PBXFileReference; explicitFileType = wrapper.framework; includeInIndex = 0; path = Pods_SurprizeMeTest.framework; sourceTree = BUILT_PRODUCTS_DIR; };
		8481B5A0248F975000EA8587 /* SurprizeMeTest.app */ = {isa = PBXFileReference; explicitFileType = wrapper.application; includeInIndex = 0; path = SurprizeMeTest.app; sourceTree = BUILT_PRODUCTS_DIR; };
		8481B5A3248F975000EA8587 /* AppDelegate.swift */ = {isa = PBXFileReference; lastKnownFileType = sourcecode.swift; path = AppDelegate.swift; sourceTree = "<group>"; };
		8481B5A5248F975000EA8587 /* SceneDelegate.swift */ = {isa = PBXFileReference; lastKnownFileType = sourcecode.swift; path = SceneDelegate.swift; sourceTree = "<group>"; };
		8481B5AA248F975000EA8587 /* Base */ = {isa = PBXFileReference; lastKnownFileType = file.storyboard; name = Base; path = Base.lproj/Main.storyboard; sourceTree = "<group>"; };
		8481B5AC248F975200EA8587 /* Assets.xcassets */ = {isa = PBXFileReference; lastKnownFileType = folder.assetcatalog; path = Assets.xcassets; sourceTree = "<group>"; };
		8481B5AF248F975200EA8587 /* Base */ = {isa = PBXFileReference; lastKnownFileType = file.storyboard; name = Base; path = Base.lproj/LaunchScreen.storyboard; sourceTree = "<group>"; };
		8481B5B1248F975200EA8587 /* Info.plist */ = {isa = PBXFileReference; lastKnownFileType = text.plist.xml; path = Info.plist; sourceTree = "<group>"; };
		8481B5CA248FA95F00EA8587 /* MainViewController.swift */ = {isa = PBXFileReference; lastKnownFileType = sourcecode.swift; path = MainViewController.swift; sourceTree = "<group>"; };
		8481B5CC248FB6C300EA8587 /* User.swift */ = {isa = PBXFileReference; lastKnownFileType = sourcecode.swift; path = User.swift; sourceTree = "<group>"; };
		8481B5CE248FB7A100EA8587 /* ViewController.swift */ = {isa = PBXFileReference; lastKnownFileType = sourcecode.swift; path = ViewController.swift; sourceTree = "<group>"; };
		8481B5D0248FB91200EA8587 /* TextField.swift */ = {isa = PBXFileReference; lastKnownFileType = sourcecode.swift; path = TextField.swift; sourceTree = "<group>"; };
		8481B5D2248FE07000EA8587 /* ConfirmCodeViewController.swift */ = {isa = PBXFileReference; lastKnownFileType = sourcecode.swift; path = ConfirmCodeViewController.swift; sourceTree = "<group>"; };
		8481B5D6248FECFF00EA8587 /* NetworkService.swift */ = {isa = PBXFileReference; lastKnownFileType = sourcecode.swift; path = NetworkService.swift; sourceTree = "<group>"; };
		8481B5D82490F05D00EA8587 /* API.swift */ = {isa = PBXFileReference; lastKnownFileType = sourcecode.swift; path = API.swift; sourceTree = "<group>"; };
		A6EBF2BDE2809443215BBCC4 /* Pods-SurprizeMeTest.debug.xcconfig */ = {isa = PBXFileReference; includeInIndex = 1; lastKnownFileType = text.xcconfig; name = "Pods-SurprizeMeTest.debug.xcconfig"; path = "Target Support Files/Pods-SurprizeMeTest/Pods-SurprizeMeTest.debug.xcconfig"; sourceTree = "<group>"; };
/* End PBXFileReference section */

/* Begin PBXFrameworksBuildPhase section */
		8481B59D248F975000EA8587 /* Frameworks */ = {
			isa = PBXFrameworksBuildPhase;
			buildActionMask = 2147483647;
			files = (
				506BDC93B9D49489C516FD4A /* Pods_SurprizeMeTest.framework in Frameworks */,
			);
			runOnlyForDeploymentPostprocessing = 0;
		};
/* End PBXFrameworksBuildPhase section */

/* Begin PBXGroup section */
		14D5F50BBD4C36CC48A1365D /* Frameworks */ = {
			isa = PBXGroup;
			children = (
				592514B064DE1BE1592AE3F1 /* Pods_SurprizeMeTest.framework */,
			);
			name = Frameworks;
			sourceTree = "<group>";
		};
		8481B597248F975000EA8587 = {
			isa = PBXGroup;
			children = (
				8481B5A2248F975000EA8587 /* SurprizeMeTest */,
				8481B5A1248F975000EA8587 /* Products */,
				C752BE84EEAF5D7997348B94 /* Pods */,
				14D5F50BBD4C36CC48A1365D /* Frameworks */,
			);
			sourceTree = "<group>";
		};
		8481B5A1248F975000EA8587 /* Products */ = {
			isa = PBXGroup;
			children = (
				8481B5A0248F975000EA8587 /* SurprizeMeTest.app */,
			);
			name = Products;
			sourceTree = "<group>";
		};
		8481B5A2248F975000EA8587 /* SurprizeMeTest */ = {
			isa = PBXGroup;
			children = (
				8481B5A3248F975000EA8587 /* AppDelegate.swift */,
				8481B5A5248F975000EA8587 /* SceneDelegate.swift */,
				8481B5CC248FB6C300EA8587 /* User.swift */,
				8481B5CA248FA95F00EA8587 /* MainViewController.swift */,
				8481B5D2248FE07000EA8587 /* ConfirmCodeViewController.swift */,
				8481B5A9248F975000EA8587 /* Main.storyboard */,
				8481B5AC248F975200EA8587 /* Assets.xcassets */,
				8481B5AE248F975200EA8587 /* LaunchScreen.storyboard */,
				8481B5D6248FECFF00EA8587 /* NetworkService.swift */,
				8481B5D82490F05D00EA8587 /* API.swift */,
				8481B5CE248FB7A100EA8587 /* ViewController.swift */,
				8481B5D0248FB91200EA8587 /* TextField.swift */,
				8481B5B1248F975200EA8587 /* Info.plist */,
			);
			path = SurprizeMeTest;
			sourceTree = "<group>";
		};
		C752BE84EEAF5D7997348B94 /* Pods */ = {
			isa = PBXGroup;
			children = (
				A6EBF2BDE2809443215BBCC4 /* Pods-SurprizeMeTest.debug.xcconfig */,
				31DC67A046999800381FD43B /* Pods-SurprizeMeTest.release.xcconfig */,
			);
			path = Pods;
			sourceTree = "<group>";
		};
/* End PBXGroup section */

/* Begin PBXNativeTarget section */
		8481B59F248F975000EA8587 /* SurprizeMeTest */ = {
			isa = PBXNativeTarget;
			buildConfigurationList = 8481B5B4248F975200EA8587 /* Build configuration list for PBXNativeTarget "SurprizeMeTest" */;
			buildPhases = (
				780F346F75E168113452FC43 /* [CP] Check Pods Manifest.lock */,
				8481B59C248F975000EA8587 /* Sources */,
				8481B59D248F975000EA8587 /* Frameworks */,
				8481B59E248F975000EA8587 /* Resources */,
				DED49A584CC0E2C408D79FF4 /* [CP] Embed Pods Frameworks */,
			);
			buildRules = (
			);
			dependencies = (
			);
			name = SurprizeMeTest;
			productName = SurprizeMeTest;
			productReference = 8481B5A0248F975000EA8587 /* SurprizeMeTest.app */;
			productType = "com.apple.product-type.application";
		};
/* End PBXNativeTarget section */

/* Begin PBXProject section */
		8481B598248F975000EA8587 /* Project object */ = {
			isa = PBXProject;
			attributes = {
				LastSwiftUpdateCheck = 1150;
				LastUpgradeCheck = 1150;
				ORGANIZATIONNAME = Gamid;
				TargetAttributes = {
					8481B59F248F975000EA8587 = {
						CreatedOnToolsVersion = 11.5;
					};
				};
			};
			buildConfigurationList = 8481B59B248F975000EA8587 /* Build configuration list for PBXProject "SurprizeMeTest" */;
			compatibilityVersion = "Xcode 9.3";
			developmentRegion = en;
			hasScannedForEncodings = 0;
			knownRegions = (
				en,
				Base,
			);
			mainGroup = 8481B597248F975000EA8587;
			productRefGroup = 8481B5A1248F975000EA8587 /* Products */;
			projectDirPath = "";
			projectRoot = "";
			targets = (
				8481B59F248F975000EA8587 /* SurprizeMeTest */,
			);
		};
/* End PBXProject section */

/* Begin PBXResourcesBuildPhase section */
		8481B59E248F975000EA8587 /* Resources */ = {
			isa = PBXResourcesBuildPhase;
			buildActionMask = 2147483647;
			files = (
				8481B5B0248F975200EA8587 /* LaunchScreen.storyboard in Resources */,
				8481B5AD248F975200EA8587 /* Assets.xcassets in Resources */,
				8481B5AB248F975000EA8587 /* Main.storyboard in Resources */,
			);
			runOnlyForDeploymentPostprocessing = 0;
		};
/* End PBXResourcesBuildPhase section */

/* Begin PBXShellScriptBuildPhase section */
		780F346F75E168113452FC43 /* [CP] Check Pods Manifest.lock */ = {
			isa = PBXShellScriptBuildPhase;
			buildActionMask = 2147483647;
			files = (
			);
			inputFileListPaths = (
			);
			inputPaths = (
				"${PODS_PODFILE_DIR_PATH}/Podfile.lock",
				"${PODS_ROOT}/Manifest.lock",
			);
			name = "[CP] Check Pods Manifest.lock";
			outputFileListPaths = (
			);
			outputPaths = (
				"$(DERIVED_FILE_DIR)/Pods-SurprizeMeTest-checkManifestLockResult.txt",
			);
			runOnlyForDeploymentPostprocessing = 0;
			shellPath = /bin/sh;
			shellScript = "diff \"${PODS_PODFILE_DIR_PATH}/Podfile.lock\" \"${PODS_ROOT}/Manifest.lock\" > /dev/null\nif [ $? != 0 ] ; then\n    # print error to STDERR\n    echo \"error: The sandbox is not in sync with the Podfile.lock. Run 'pod install' or update your CocoaPods installation.\" >&2\n    exit 1\nfi\n# This output is used by Xcode 'outputs' to avoid re-running this script phase.\necho \"SUCCESS\" > \"${SCRIPT_OUTPUT_FILE_0}\"\n";
			showEnvVarsInLog = 0;
		};
		DED49A584CC0E2C408D79FF4 /* [CP] Embed Pods Frameworks */ = {
			isa = PBXShellScriptBuildPhase;
			buildActionMask = 2147483647;
			files = (
			);
			inputFileListPaths = (
				"${PODS_ROOT}/Target Support Files/Pods-SurprizeMeTest/Pods-SurprizeMeTest-frameworks-${CONFIGURATION}-input-files.xcfilelist",
			);
			name = "[CP] Embed Pods Frameworks";
			outputFileListPaths = (
				"${PODS_ROOT}/Target Support Files/Pods-SurprizeMeTest/Pods-SurprizeMeTest-frameworks-${CONFIGURATION}-output-files.xcfilelist",
			);
			runOnlyForDeploymentPostprocessing = 0;
			shellPath = /bin/sh;
			shellScript = "\"${PODS_ROOT}/Target Support Files/Pods-SurprizeMeTest/Pods-SurprizeMeTest-frameworks.sh\"\n";
			showEnvVarsInLog = 0;
		};
/* End PBXShellScriptBuildPhase section */

/* Begin PBXSourcesBuildPhase section */
		8481B59C248F975000EA8587 /* Sources */ = {
			isa = PBXSourcesBuildPhase;
			buildActionMask = 2147483647;
			files = (
				8481B5CF248FB7A100EA8587 /* ViewController.swift in Sources */,
				8481B5D3248FE07000EA8587 /* ConfirmCodeViewController.swift in Sources */,
				8481B5D7248FECFF00EA8587 /* NetworkService.swift in Sources */,
				8481B5CD248FB6C300EA8587 /* User.swift in Sources */,
				8481B5CB248FA95F00EA8587 /* MainViewController.swift in Sources */,
				8481B5D1248FB91200EA8587 /* TextField.swift in Sources */,
				8481B5A4248F975000EA8587 /* AppDelegate.swift in Sources */,
				8481B5D92490F05D00EA8587 /* API.swift in Sources */,
				8481B5A6248F975000EA8587 /* SceneDelegate.swift in Sources */,
			);
			runOnlyForDeploymentPostprocessing = 0;
		};
/* End PBXSourcesBuildPhase section */

/* Begin PBXVariantGroup section */
		8481B5A9248F975000EA8587 /* Main.storyboard */ = {
			isa = PBXVariantGroup;
			children = (
				8481B5AA248F975000EA8587 /* Base */,
			);
			name = Main.storyboard;
			sourceTree = "<group>";
		};
		8481B5AE248F975200EA8587 /* LaunchScreen.storyboard */ = {
			isa = PBXVariantGroup;
			children = (
				8481B5AF248F975200EA8587 /* Base */,
			);
			name = LaunchScreen.storyboard;
			sourceTree = "<group>";
		};
/* End PBXVariantGroup section */

/* Begin XCBuildConfiguration section */
		8481B5B2248F975200EA8587 /* Debug */ = {
			isa = XCBuildConfiguration;
			buildSettings = {
				ALWAYS_SEARCH_USER_PATHS = NO;
				CLANG_ANALYZER_NONNULL = YES;
				CLANG_ANALYZER_NUMBER_OBJECT_CONVERSION = YES_AGGRESSIVE;
				CLANG_CXX_LANGUAGE_STANDARD = "gnu++14";
				CLANG_CXX_LIBRARY = "libc++";
				CLANG_ENABLE_MODULES = YES;
				CLANG_ENABLE_OBJC_ARC = YES;
				CLANG_ENABLE_OBJC_WEAK = YES;
				CLANG_WARN_BLOCK_CAPTURE_AUTORELEASING = YES;
				CLANG_WARN_BOOL_CONVERSION = YES;
				CLANG_WARN_COMMA = YES;
				CLANG_WARN_CONSTANT_CONVERSION = YES;
				CLANG_WARN_DEPRECATED_OBJC_IMPLEMENTATIONS = YES;
				CLANG_WARN_DIRECT_OBJC_ISA_USAGE = YES_ERROR;
				CLANG_WARN_DOCUMENTATION_COMMENTS = YES;
				CLANG_WARN_EMPTY_BODY = YES;
				CLANG_WARN_ENUM_CONVERSION = YES;
				CLANG_WARN_INFINITE_RECURSION = YES;
				CLANG_WARN_INT_CONVERSION = YES;
				CLANG_WARN_NON_LITERAL_NULL_CONVERSION = YES;
				CLANG_WARN_OBJC_IMPLICIT_RETAIN_SELF = YES;
				CLANG_WARN_OBJC_LITERAL_CONVERSION = YES;
				CLANG_WARN_OBJC_ROOT_CLASS = YES_ERROR;
				CLANG_WARN_RANGE_LOOP_ANALYSIS = YES;
				CLANG_WARN_STRICT_PROTOTYPES = YES;
				CLANG_WARN_SUSPICIOUS_MOVE = YES;
				CLANG_WARN_UNGUARDED_AVAILABILITY = YES_AGGRESSIVE;
				CLANG_WARN_UNREACHABLE_CODE = YES;
				CLANG_WARN__DUPLICATE_METHOD_MATCH = YES;
				COPY_PHASE_STRIP = NO;
				DEBUG_INFORMATION_FORMAT = dwarf;
				ENABLE_STRICT_OBJC_MSGSEND = YES;
				ENABLE_TESTABILITY = YES;
				GCC_C_LANGUAGE_STANDARD = gnu11;
				GCC_DYNAMIC_NO_PIC = NO;
				GCC_NO_COMMON_BLOCKS = YES;
				GCC_OPTIMIZATION_LEVEL = 0;
				GCC_PREPROCESSOR_DEFINITIONS = (
					"DEBUG=1",
					"$(inherited)",
				);
				GCC_WARN_64_TO_32_BIT_CONVERSION = YES;
				GCC_WARN_ABOUT_RETURN_TYPE = YES_ERROR;
				GCC_WARN_UNDECLARED_SELECTOR = YES;
				GCC_WARN_UNINITIALIZED_AUTOS = YES_AGGRESSIVE;
				GCC_WARN_UNUSED_FUNCTION = YES;
				GCC_WARN_UNUSED_VARIABLE = YES;
				IPHONEOS_DEPLOYMENT_TARGET = 13.5;
				MTL_ENABLE_DEBUG_INFO = INCLUDE_SOURCE;
				MTL_FAST_MATH = YES;
				ONLY_ACTIVE_ARCH = YES;
				SDKROOT = iphoneos;
				SWIFT_ACTIVE_COMPILATION_CONDITIONS = DEBUG;
				SWIFT_OPTIMIZATION_LEVEL = "-Onone";
			};
			name = Debug;
		};
		8481B5B3248F975200EA8587 /* Release */ = {
			isa = XCBuildConfiguration;
			buildSettings = {
				ALWAYS_SEARCH_USER_PATHS = NO;
				CLANG_ANALYZER_NONNULL = YES;
				CLANG_ANALYZER_NUMBER_OBJECT_CONVERSION = YES_AGGRESSIVE;
				CLANG_CXX_LANGUAGE_STANDARD = "gnu++14";
				CLANG_CXX_LIBRARY = "libc++";
				CLANG_ENABLE_MODULES = YES;
				CLANG_ENABLE_OBJC_ARC = YES;
				CLANG_ENABLE_OBJC_WEAK = YES;
				CLANG_WARN_BLOCK_CAPTURE_AUTORELEASING = YES;
				CLANG_WARN_BOOL_CONVERSION = YES;
				CLANG_WARN_COMMA = YES;
				CLANG_WARN_CONSTANT_CONVERSION = YES;
				CLANG_WARN_DEPRECATED_OBJC_IMPLEMENTATIONS = YES;
				CLANG_WARN_DIRECT_OBJC_ISA_USAGE = YES_ERROR;
				CLANG_WARN_DOCUMENTATION_COMMENTS = YES;
				CLANG_WARN_EMPTY_BODY = YES;
				CLANG_WARN_ENUM_CONVERSION = YES;
				CLANG_WARN_INFINITE_RECURSION = YES;
				CLANG_WARN_INT_CONVERSION = YES;
				CLANG_WARN_NON_LITERAL_NULL_CONVERSION = YES;
				CLANG_WARN_OBJC_IMPLICIT_RETAIN_SELF = YES;
				CLANG_WARN_OBJC_LITERAL_CONVERSION = YES;
				CLANG_WARN_OBJC_ROOT_CLASS = YES_ERROR;
				CLANG_WARN_RANGE_LOOP_ANALYSIS = YES;
				CLANG_WARN_STRICT_PROTOTYPES = YES;
				CLANG_WARN_SUSPICIOUS_MOVE = YES;
				CLANG_WARN_UNGUARDED_AVAILABILITY = YES_AGGRESSIVE;
				CLANG_WARN_UNREACHABLE_CODE = YES;
				CLANG_WARN__DUPLICATE_METHOD_MATCH = YES;
				COPY_PHASE_STRIP = NO;
				DEBUG_INFORMATION_FORMAT = "dwarf-with-dsym";
				ENABLE_NS_ASSERTIONS = NO;
				ENABLE_STRICT_OBJC_MSGSEND = YES;
				GCC_C_LANGUAGE_STANDARD = gnu11;
				GCC_NO_COMMON_BLOCKS = YES;
				GCC_WARN_64_TO_32_BIT_CONVERSION = YES;
				GCC_WARN_ABOUT_RETURN_TYPE = YES_ERROR;
				GCC_WARN_UNDECLARED_SELECTOR = YES;
				GCC_WARN_UNINITIALIZED_AUTOS = YES_AGGRESSIVE;
				GCC_WARN_UNUSED_FUNCTION = YES;
				GCC_WARN_UNUSED_VARIABLE = YES;
				IPHONEOS_DEPLOYMENT_TARGET = 13.5;
				MTL_ENABLE_DEBUG_INFO = NO;
				MTL_FAST_MATH = YES;
				SDKROOT = iphoneos;
				SWIFT_COMPILATION_MODE = wholemodule;
				SWIFT_OPTIMIZATION_LEVEL = "-O";
				VALIDATE_PRODUCT = YES;
			};
			name = Release;
		};
		8481B5B5248F975200EA8587 /* Debug */ = {
			isa = XCBuildConfiguration;
			baseConfigurationReference = A6EBF2BDE2809443215BBCC4 /* Pods-SurprizeMeTest.debug.xcconfig */;
			buildSettings = {
				ASSETCATALOG_COMPILER_APPICON_NAME = AppIcon;
				CODE_SIGN_STYLE = Automatic;
				DEVELOPMENT_TEAM = YPNZ4Q5D2B;
				INFOPLIST_FILE = SurprizeMeTest/Info.plist;
				LD_RUNPATH_SEARCH_PATHS = (
					"$(inherited)",
					"@executable_path/Frameworks",
				);
				PRODUCT_BUNDLE_IDENTIFIER = ru.Test.SurprizeMeTest;
				PRODUCT_NAME = "$(TARGET_NAME)";
				SWIFT_VERSION = 5.0;
				TARGETED_DEVICE_FAMILY = "1,2";
			};
			name = Debug;
		};
		8481B5B6248F975200EA8587 /* Release */ = {
			isa = XCBuildConfiguration;
			baseConfigurationReference = 31DC67A046999800381FD43B /* Pods-SurprizeMeTest.release.xcconfig */;
			buildSettings = {
				ASSETCATALOG_COMPILER_APPICON_NAME = AppIcon;
				CODE_SIGN_STYLE = Automatic;
				DEVELOPMENT_TEAM = YPNZ4Q5D2B;
				INFOPLIST_FILE = SurprizeMeTest/Info.plist;
				LD_RUNPATH_SEARCH_PATHS = (
					"$(inherited)",
					"@executable_path/Frameworks",
				);
				PRODUCT_BUNDLE_IDENTIFIER = ru.Test.SurprizeMeTest;
				PRODUCT_NAME = "$(TARGET_NAME)";
				SWIFT_VERSION = 5.0;
				TARGETED_DEVICE_FAMILY = "1,2";
			};
			name = Release;
		};
/* End XCBuildConfiguration section */

/* Begin XCConfigurationList section */
		8481B59B248F975000EA8587 /* Build configuration list for PBXProject "SurprizeMeTest" */ = {
			isa = XCConfigurationList;
			buildConfigurations = (
				8481B5B2248F975200EA8587 /* Debug */,
				8481B5B3248F975200EA8587 /* Release */,
			);
			defaultConfigurationIsVisible = 0;
			defaultConfigurationName = Release;
		};
		8481B5B4248F975200EA8587 /* Build configuration list for PBXNativeTarget "SurprizeMeTest" */ = {
			isa = XCConfigurationList;
			buildConfigurations = (
				8481B5B5248F975200EA8587 /* Debug */,
				8481B5B6248F975200EA8587 /* Release */,
			);
			defaultConfigurationIsVisible = 0;
			defaultConfigurationName = Release;
		};
/* End XCConfigurationList section */
	};
	rootObject = 8481B598248F975000EA8587 /* Project object */;
}
